
Microsoft Visual Studio Solution File, Format Version 12.00
# Visual Studio Version 16
VisualStudioVersion = 16.0.31112.23
MinimumVisualStudioVersion = 10.0.40219.1
Project("{FAE04EC0-301F-11D3-BF4B-00C04F79EFBC}") = "Nagp.Car", "Nagp.Car\Nagp.Car.csproj", "{33FE8F4B-355A-4397-94A4-DD78F7C19FC4}"
EndProject
Project("{FAE04EC0-301F-11D3-BF4B-00C04F79EFBC}") = "Nagp.ReportGenerator", "Nagp.ReportGenerator\Nagp.ReportGenerator.csproj", "{98187DFA-590E-4225-A422-E1C2BD611D59}"
EndProject
Global
	GlobalSection(SolutionConfigurationPlatforms) = preSolution
		Debug|Any CPU = Debug|Any CPU
		Release|Any CPU = Release|Any CPU
	EndGlobalSection
	GlobalSection(ProjectConfigurationPlatforms) = postSolution
		{33FE8F4B-355A-4397-94A4-DD78F7C19FC4}.Debug|Any CPU.ActiveCfg = Debug|Any CPU
		{33FE8F4B-355A-4397-94A4-DD78F7C19FC4}.Debug|Any CPU.Build.0 = Debug|Any CPU
		{33FE8F4B-355A-4397-94A4-DD78F7C19FC4}.Release|Any CPU.ActiveCfg = Release|Any CPU
		{33FE8F4B-355A-4397-94A4-DD78F7C19FC4}.Release|Any CPU.Build.0 = Release|Any CPU
		{98187DFA-590E-4225-A422-E1C2BD611D59}.Debug|Any CPU.ActiveCfg = Debug|Any CPU
		{98187DFA-590E-4225-A422-E1C2BD611D59}.Debug|Any CPU.Build.0 = Debug|Any CPU
		{98187DFA-590E-4225-A422-E1C2BD611D59}.Release|Any CPU.ActiveCfg = Release|Any CPU
		{98187DFA-590E-4225-A422-E1C2BD611D59}.Release|Any CPU.Build.0 = Release|Any CPU
	EndGlobalSection
	GlobalSection(SolutionProperties) = preSolution
		HideSolutionNode = FALSE
	EndGlobalSection
	GlobalSection(ExtensibilityGlobals) = postSolution
		SolutionGuid = {D3722CD2-D72E-4B7E-B2E5-819D939B6606}
	EndGlobalSection
EndGlobal
